<?xml version="1.0" encoding="utf-8"?>
<Project ToolsVersion="4.0" xmlns="http://schemas.microsoft.com/developer/msbuild/2003">
  <ItemGroup>
    <ClCompile Include="main.c" />
    <ClCompile Include="HandleBlocking.c" />
    <ClCompile Include="globals.c" />
    <ClCompile Include="ioctl.c" />
    <ClCompile Include="utils.c" />
  </ItemGroup>
  <ItemGroup>
    <ClInclude Include="globals.h" />
    <ClInclude Include="HandleBlocking.h" />
    <ClInclude Include="ioctl.h" />
    <ClInclude Include="include.h">
      <Filter>Header Files</Filter>
    </ClInclude>
    <ClInclude Include="macro.h">
      <Filter>Header Files</Filter>
    </ClInclude>
    <ClInclude Include="nt.h">
      <Filter>Header Files</Filter>
    </ClInclude>
    <ClInclude Include="utils.h" />
    <ClInclude Include="kernel_user_shared.h">
      <Filter>Header Files</Filter>
    </ClInclude>
  </ItemGroup>
  <ItemGroup>
    <Filter Include="Header Files">
      <UniqueIdentifier>{afcd3f3f-aa92-422e-abc2-55fca6b10f84}</UniqueIdentifier>
    </Filter>
  </ItemGroup>
</Project>